<?xml version="1.0" encoding="utf-8"?>
<Project ToolsVersion="4.0" xmlns="http://schemas.microsoft.com/developer/msbuild/2003">
  <ItemGroup>
    <Filter Include="ソース ファイル">
      <UniqueIdentifier>{4FC737F1-C7A5-4376-A066-2A32D752A2FF}</UniqueIdentifier>
      <Extensions>cpp;c;cc;cxx;def;odl;idl;hpj;bat;asm;asmx</Extensions>
    </Filter>
    <Filter Include="ヘッダー ファイル">
      <UniqueIdentifier>{93995380-89BD-4b04-88EB-625FBE52EBFB}</UniqueIdentifier>
      <Extensions>h;hh;hpp;hxx;hm;inl;inc;ipp;xsd</Extensions>
    </Filter>
    <Filter Include="リソース ファイル">
      <UniqueIdentifier>{67DA6AB6-F800-4c08-8B7A-83BB121AAD01}</UniqueIdentifier>
      <Extensions>rc;ico;cur;bmp;dlg;rc2;rct;bin;rgs;gif;jpg;jpeg;jpe;resx;tiff;tif;png;wav;mfcribbon-ms</Extensions>
    </Filter>
    <Filter Include="common">
      <UniqueIdentifier>{970e4a26-f16f-4230-8768-8d9b45e4c68d}</UniqueIdentifier>
    </Filter>
    <Filter Include="material">
      <UniqueIdentifier>{6db8d0a7-4959-4f59-8933-22fc1f4a8b86}</UniqueIdentifier>
    </Filter>
    <Filter Include="shape">
      <UniqueIdentifier>{1ba15cfc-8088-4ebc-a83b-4e76ef7392aa}</UniqueIdentifier>
    </Filter>
    <Filter Include="material\header">
      <UniqueIdentifier>{24010435-73ed-4910-90e6-8af323b39acc}</UniqueIdentifier>
    </Filter>
    <Filter Include="material\cpp">
      <UniqueIdentifier>{cc3ab821-f83a-49f8-9d70-e59e0c4be44c}</UniqueIdentifier>
    </Filter>
    <Filter Include="shape\header">
      <UniqueIdentifier>{ea4b9591-9899-4d74-9814-ae0dfcc3f44e}</UniqueIdentifier>
    </Filter>
    <Filter Include="shape\cpp">
      <UniqueIdentifier>{7ad11553-67bf-4102-b2be-6b1dd1c7cfd5}</UniqueIdentifier>
    </Filter>
    <Filter Include="texture">
      <UniqueIdentifier>{06b4abb9-754e-48f3-b074-65a3da277441}</UniqueIdentifier>
    </Filter>
    <Filter Include="texture\header">
      <UniqueIdentifier>{0d81c416-c25c-4fdb-ae35-7337fd656fb6}</UniqueIdentifier>
    </Filter>
    <Filter Include="texture\cpp">
      <UniqueIdentifier>{8b371ad4-e6b0-47bb-a859-f8ca20fca4e5}</UniqueIdentifier>
    </Filter>
  </ItemGroup>
  <ItemGroup>
    <ClCompile Include="Image.cpp">
      <Filter>ソース ファイル</Filter>
    </ClCompile>
    <ClCompile Include="Ray.cpp">
      <Filter>ソース ファイル</Filter>
    </ClCompile>
    <ClCompile Include="Camera.cpp">
      <Filter>ソース ファイル</Filter>
    </ClCompile>
    <ClCompile Include="Scene.cpp">
      <Filter>ソース ファイル</Filter>
    </ClCompile>
    <ClCompile Include="ImageFilter.cpp">
      <Filter>ソース ファイル</Filter>
    </ClCompile>
    <ClCompile Include="common\Vector3.cpp">
      <Filter>common</Filter>
    </ClCompile>
    <ClCompile Include="common\Geometry.cpp">
      <Filter>common</Filter>
    </ClCompile>
    <ClCompile Include="Timer.cpp">
      <Filter>ソース ファイル</Filter>
    </ClCompile>
    <ClCompile Include="AABB.cpp">
      <Filter>ソース ファイル</Filter>
    </ClCompile>
    <ClCompile Include="material\Dielectric.cpp">
      <Filter>material\cpp</Filter>
    </ClCompile>
    <ClCompile Include="material\DiffuseLight.cpp">
      <Filter>material\cpp</Filter>
    </ClCompile>
    <ClCompile Include="material\Isotropic.cpp">
      <Filter>material\cpp</Filter>
    </ClCompile>
    <ClCompile Include="material\Lambertian.cpp">
      <Filter>material\cpp</Filter>
    </ClCompile>
    <ClCompile Include="material\Material.cpp">
      <Filter>material\cpp</Filter>
    </ClCompile>
    <ClCompile Include="material\Metal.cpp">
      <Filter>material\cpp</Filter>
    </ClCompile>
    <ClCompile Include="shape\Box.cpp">
      <Filter>shape\cpp</Filter>
    </ClCompile>
    <ClCompile Include="shape\BvhNode.cpp">
      <Filter>shape\cpp</Filter>
    </ClCompile>
    <ClCompile Include="shape\ConstantMedium.cpp">
      <Filter>shape\cpp</Filter>
    </ClCompile>
    <ClCompile Include="shape\FlipNormals.cpp">
      <Filter>shape\cpp</Filter>
    </ClCompile>
    <ClCompile Include="shape\MovingSphere.cpp">
      <Filter>shape\cpp</Filter>
    </ClCompile>
    <ClCompile Include="shape\RotateY.cpp">
      <Filter>shape\cpp</Filter>
    </ClCompile>
    <ClCompile Include="shape\ShapeList.cpp">
      <Filter>shape\cpp</Filter>
    </ClCompile>
    <ClCompile Include="shape\Sphere.cpp">
      <Filter>shape\cpp</Filter>
    </ClCompile>
    <ClCompile Include="shape\Translate.cpp">
      <Filter>shape\cpp</Filter>
    </ClCompile>
    <ClCompile Include="shape\XyRect.cpp">
      <Filter>shape\cpp</Filter>
    </ClCompile>
    <ClCompile Include="shape\XzRect.cpp">
      <Filter>shape\cpp</Filter>
    </ClCompile>
    <ClCompile Include="shape\YzRect.cpp">
      <Filter>shape\cpp</Filter>
    </ClCompile>
    <ClCompile Include="texture\CheckerTexture.cpp">
      <Filter>texture\cpp</Filter>
    </ClCompile>
    <ClCompile Include="texture\ConstantTexture.cpp">
      <Filter>texture\cpp</Filter>
    </ClCompile>
    <ClCompile Include="texture\ImageTexture.cpp">
      <Filter>texture\cpp</Filter>
    </ClCompile>
    <ClCompile Include="texture\NoiseTexture.cpp">
      <Filter>texture\cpp</Filter>
    </ClCompile>
    <ClCompile Include="texture\Perlin.cpp">
      <Filter>texture\cpp</Filter>
    </ClCompile>
    <ClCompile Include="Main.cpp">
      <Filter>ソース ファイル</Filter>
    </ClCompile>
  </ItemGroup>
  <ItemGroup>
    <ClInclude Include="Image.h">
      <Filter>ヘッダー ファイル</Filter>
    </ClInclude>
    <ClInclude Include="Ray.h">
      <Filter>ヘッダー ファイル</Filter>
    </ClInclude>
    <ClInclude Include="Camera.h">
      <Filter>ヘッダー ファイル</Filter>
    </ClInclude>
    <ClInclude Include="Scene.h">
      <Filter>ヘッダー ファイル</Filter>
    </ClInclude>
    <ClInclude Include="ImageFilter.h">
      <Filter>ヘッダー ファイル</Filter>
    </ClInclude>
    <ClInclude Include="common\Vector3.h">
      <Filter>common</Filter>
    </ClInclude>
    <ClInclude Include="common\Geometry.h">
      <Filter>common</Filter>
    </ClInclude>
    <ClInclude Include="common\Size.h">
      <Filter>common</Filter>
    </ClInclude>
    <ClInclude Include="Timer.h">
      <Filter>ヘッダー ファイル</Filter>
    </ClInclude>
    <ClInclude Include="AABB.h">
      <Filter>ヘッダー ファイル</Filter>
    </ClInclude>
    <ClInclude Include="material\Dielectric.h">
      <Filter>material\header</Filter>
    </ClInclude>
    <ClInclude Include="material\DiffuseLight.h">
      <Filter>material\header</Filter>
    </ClInclude>
    <ClInclude Include="material\Isotropic.h">
      <Filter>material\header</Filter>
    </ClInclude>
    <ClInclude Include="material\Lambertian.h">
      <Filter>material\header</Filter>
    </ClInclude>
    <ClInclude Include="material\Material.h">
      <Filter>material\header</Filter>
    </ClInclude>
    <ClInclude Include="material\Materials.h">
      <Filter>material\header</Filter>
    </ClInclude>
    <ClInclude Include="material\Metal.h">
      <Filter>material\header</Filter>
    </ClInclude>
    <ClInclude Include="shape\Box.h">
      <Filter>shape\header</Filter>
    </ClInclude>
    <ClInclude Include="shape\BvhNode.h">
      <Filter>shape\header</Filter>
    </ClInclude>
    <ClInclude Include="shape\HitRecord.h">
      <Filter>shape\header</Filter>
    </ClInclude>
    <ClInclude Include="shape\ConstantMedium.h">
      <Filter>shape\header</Filter>
    </ClInclude>
    <ClInclude Include="shape\FlipNormals.h">
      <Filter>shape\header</Filter>
    </ClInclude>
    <ClInclude Include="shape\MovingSphere.h">
      <Filter>shape\header</Filter>
    </ClInclude>
    <ClInclude Include="shape\RotateY.h">
      <Filter>shape\header</Filter>
    </ClInclude>
    <ClInclude Include="shape\ShapeList.h">
      <Filter>shape\header</Filter>
    </ClInclude>
    <ClInclude Include="shape\Shapes.h">
      <Filter>shape\header</Filter>
    </ClInclude>
    <ClInclude Include="shape\Sphere.h">
      <Filter>shape\header</Filter>
    </ClInclude>
    <ClInclude Include="shape\Translate.h">
      <Filter>shape\header</Filter>
    </ClInclude>
    <ClInclude Include="shape\XyRect.h">
      <Filter>shape\header</Filter>
    </ClInclude>
    <ClInclude Include="shape\XzRect.h">
      <Filter>shape\header</Filter>
    </ClInclude>
    <ClInclude Include="shape\YzRect.h">
      <Filter>shape\header</Filter>
    </ClInclude>
    <ClInclude Include="texture\CheckerTexture.h">
      <Filter>texture\header</Filter>
    </ClInclude>
    <ClInclude Include="texture\ConstantTexture.h">
      <Filter>texture\header</Filter>
    </ClInclude>
    <ClInclude Include="texture\ImageTexture.h">
      <Filter>texture\header</Filter>
    </ClInclude>
    <ClInclude Include="texture\NoiseTexture.h">
      <Filter>texture\header</Filter>
    </ClInclude>
    <ClInclude Include="texture\Perlin.h">
      <Filter>texture\header</Filter>
    </ClInclude>
    <ClInclude Include="texture\Texture.h">
      <Filter>texture\header</Filter>
    </ClInclude>
    <ClInclude Include="texture\Textures.h">
      <Filter>texture\header</Filter>
    </ClInclude>
  </ItemGroup>
</Project>